// !$*UTF8*$!
{
	archiveVersion = 1;
	classes = {
	};
	objectVersion = 50;
	objects = {

/* Begin PBXBuildFile section */
		234629C221BCE16800DB5836 /* AppDelegate.swift in Sources */ = {isa = PBXBuildFile; fileRef = 234629C121BCE16800DB5836 /* AppDelegate.swift */; };
		234629C421BCE16800DB5836 /* ViewController.swift in Sources */ = {isa = PBXBuildFile; fileRef = 234629C321BCE16800DB5836 /* ViewController.swift */; };
		234629C721BCE16800DB5836 /* Main.storyboard in Resources */ = {isa = PBXBuildFile; fileRef = 234629C521BCE16800DB5836 /* Main.storyboard */; };
		234629C921BCE16B00DB5836 /* Assets.xcassets in Resources */ = {isa = PBXBuildFile; fileRef = 234629C821BCE16B00DB5836 /* Assets.xcassets */; };
		234629CC21BCE16B00DB5836 /* LaunchScreen.storyboard in Resources */ = {isa = PBXBuildFile; fileRef = 234629CA21BCE16B00DB5836 /* LaunchScreen.storyboard */; };
		234629D421BCE94400DB5836 /* AddViewController.swift in Sources */ = {isa = PBXBuildFile; fileRef = 234629D321BCE94400DB5836 /* AddViewController.swift */; };
/* End PBXBuildFile section */

/* Begin PBXFileReference section */
		234629BE21BCE16800DB5836 /* ShortCut.app */ = {isa = PBXFileReference; explicitFileType = wrapper.application; includeInIndex = 0; path = ShortCut.app; sourceTree = BUILT_PRODUCTS_DIR; };
		234629C121BCE16800DB5836 /* AppDelegate.swift */ = {isa = PBXFileReference; lastKnownFileType = sourcecode.swift; path = AppDelegate.swift; sourceTree = "<group>"; };
		234629C321BCE16800DB5836 /* ViewController.swift */ = {isa = PBXFileReference; lastKnownFileType = sourcecode.swift; path = ViewController.swift; sourceTree = "<group>"; };
		234629C621BCE16800DB5836 /* Base */ = {isa = PBXFileReference; lastKnownFileType = file.storyboard; name = Base; path = Base.lproj/Main.storyboard; sourceTree = "<group>"; };
		234629C821BCE16B00DB5836 /* Assets.xcassets */ = {isa = PBXFileReference; lastKnownFileType = folder.assetcatalog; path = Assets.xcassets; sourceTree = "<group>"; };
		234629CB21BCE16B00DB5836 /* Base */ = {isa = PBXFileReference; lastKnownFileType = file.storyboard; name = Base; path = Base.lproj/LaunchScreen.storyboard; sourceTree = "<group>"; };
		234629CD21BCE16B00DB5836 /* Info.plist */ = {isa = PBXFileReference; lastKnownFileType = text.plist.xml; path = Info.plist; sourceTree = "<group>"; };
		234629D321BCE94400DB5836 /* AddViewController.swift */ = {isa = PBXFileReference; lastKnownFileType = sourcecode.swift; path = AddViewController.swift; sourceTree = "<group>"; };
/* End PBXFileReference section */

/* Begin PBXFrameworksBuildPhase section */
		234629BB21BCE16800DB5836 /* Frameworks */ = {
			isa = PBXFrameworksBuildPhase;
			buildActionMask = 2147483647;
			files = (
			);
			runOnlyForDeploymentPostprocessing = 0;
		};
/* End PBXFrameworksBuildPhase section */

/* Begin PBXGroup section */
		234629B521BCE16800DB5836 = {
			isa = PBXGroup;
			children = (
				234629C021BCE16800DB5836 /* ShortCut */,
				234629BF21BCE16800DB5836 /* Products */,
			);
			sourceTree = "<group>";
		};
		234629BF21BCE16800DB5836 /* Products */ = {
			isa = PBXGroup;
			children = (
				234629BE21BCE16800DB5836 /* ShortCut.app */,
			);
			name = Products;
			sourceTree = "<group>";
		};
		234629C021BCE16800DB5836 /* ShortCut */ = {
			isa = PBXGroup;
			children = (
				234629C121BCE16800DB5836 /* AppDelegate.swift */,
				234629C321BCE16800DB5836 /* ViewController.swift */,
				234629D321BCE94400DB5836 /* AddViewController.swift */,
				234629C521BCE16800DB5836 /* Main.storyboard */,
				234629C821BCE16B00DB5836 /* Assets.xcassets */,
				234629CA21BCE16B00DB5836 /* LaunchScreen.storyboard */,
				234629CD21BCE16B00DB5836 /* Info.plist */,
			);
			path = ShortCut;
			sourceTree = "<group>";
		};
/* End PBXGroup section */

/* Begin PBXNativeTarget section */
		234629BD21BCE16800DB5836 /* ShortCut */ = {
			isa = PBXNativeTarget;
			buildConfigurationList = 234629D021BCE16B00DB5836 /* Build configuration list for PBXNativeTarget "ShortCut" */;
			buildPhases = (
				234629BA21BCE16800DB5836 /* Sources */,
				234629BB21BCE16800DB5836 /* Frameworks */,
				234629BC21BCE16800DB5836 /* Resources */,
			);
			buildRules = (
			);
			dependencies = (
			);
			name = ShortCut;
			productName = ShortCut;
			productReference = 234629BE21BCE16800DB5836 /* ShortCut.app */;
			productType = "com.apple.product-type.application";
		};
/* End PBXNativeTarget section */

/* Begin PBXProject section */
		234629B621BCE16800DB5836 /* Project object */ = {
			isa = PBXProject;
			attributes = {
				LastSwiftUpdateCheck = 1010;
				LastUpgradeCheck = 1010;
				ORGANIZATIONNAME = nttresonant;
				TargetAttributes = {
					234629BD21BCE16800DB5836 = {
						CreatedOnToolsVersion = 10.1;
					};
				};
			};
			buildConfigurationList = 234629B921BCE16800DB5836 /* Build configuration list for PBXProject "ShortCut" */;
			compatibilityVersion = "Xcode 9.3";
			developmentRegion = en;
			hasScannedForEncodings = 0;
			knownRegions = (
				en,
				Base,
			);
			mainGroup = 234629B521BCE16800DB5836;
			productRefGroup = 234629BF21BCE16800DB5836 /* Products */;
			projectDirPath = "";
			projectRoot = "";
			targets = (
				234629BD21BCE16800DB5836 /* ShortCut */,
			);
		};
/* End PBXProject section */

/* Begin PBXResourcesBuildPhase section */
		234629BC21BCE16800DB5836 /* Resources */ = {
			isa = PBXResourcesBuildPhase;
			buildActionMask = 2147483647;
			files = (
				234629CC21BCE16B00DB5836 /* LaunchScreen.storyboard in Resources */,
				234629C921BCE16B00DB5836 /* Assets.xcassets in Resources */,
				234629C721BCE16800DB5836 /* Main.storyboard in Resources */,
			);
			runOnlyForDeploymentPostprocessing = 0;
		};
/* End PBXResourcesBuildPhase section */

/* Begin PBXSourcesBuildPhase section */
		234629BA21BCE16800DB5836 /* Sources */ = {
			isa = PBXSourcesBuildPhase;
			buildActionMask = 2147483647;
			files = (
				234629C421BCE16800DB5836 /* ViewController.swift in Sources */,
				234629C221BCE16800DB5836 /* AppDelegate.swift in Sources */,
				234629D421BCE94400DB5836 /* AddViewController.swift in Sources */,
			);
			runOnlyForDeploymentPostprocessing = 0;
		};
/* End PBXSourcesBuildPhase section */

/* Begin PBXVariantGroup section */
		234629C521BCE16800DB5836 /* Main.storyboard */ = {
			isa = PBXVariantGroup;
			children = (
				234629C621BCE16800DB5836 /* Base */,
			);
			name = Main.storyboard;
			sourceTree = "<group>";
		};
		234629CA21BCE16B00DB5836 /* LaunchScreen.storyboard */ = {
			isa = PBXVariantGroup;
			children = (
				234629CB21BCE16B00DB5836 /* Base */,
			);
			name = LaunchScreen.storyboard;
			sourceTree = "<group>";
		};
/* End PBXVariantGroup section */

/* Begin XCBuildConfiguration section */
		234629CE21BCE16B00DB5836 /* Debug */ = {
			isa = XCBuildConfiguration;
			buildSettings = {
				ALWAYS_SEARCH_USER_PATHS = NO;
				CLANG_ANALYZER_NONNULL = YES;
				CLANG_ANALYZER_NUMBER_OBJECT_CONVERSION = YES_AGGRESSIVE;
				CLANG_CXX_LANGUAGE_STANDARD = "gnu++14";
				CLANG_CXX_LIBRARY = "libc++";
				CLANG_ENABLE_MODULES = YES;
				CLANG_ENABLE_OBJC_ARC = YES;
				CLANG_ENABLE_OBJC_WEAK = YES;
				CLANG_WARN_BLOCK_CAPTURE_AUTORELEASING = YES;
				CLANG_WARN_BOOL_CONVERSION = YES;
				CLANG_WARN_COMMA = YES;
				CLANG_WARN_CONSTANT_CONVERSION = YES;
				CLANG_WARN_DEPRECATED_OBJC_IMPLEMENTATIONS = YES;
				CLANG_WARN_DIRECT_OBJC_ISA_USAGE = YES_ERROR;
				CLANG_WARN_DOCUMENTATION_COMMENTS = YES;
				CLANG_WARN_EMPTY_BODY = YES;
				CLANG_WARN_ENUM_CONVERSION = YES;
				CLANG_WARN_INFINITE_RECURSION = YES;
				CLANG_WARN_INT_CONVERSION = YES;
				CLANG_WARN_NON_LITERAL_NULL_CONVERSION = YES;
				CLANG_WARN_OBJC_IMPLICIT_RETAIN_SELF = YES;
				CLANG_WARN_OBJC_LITERAL_CONVERSION = YES;
				CLANG_WARN_OBJC_ROOT_CLASS = YES_ERROR;
				CLANG_WARN_RANGE_LOOP_ANALYSIS = YES;
				CLANG_WARN_STRICT_PROTOTYPES = YES;
				CLANG_WARN_SUSPICIOUS_MOVE = YES;
				CLANG_WARN_UNGUARDED_AVAILABILITY = YES_AGGRESSIVE;
				CLANG_WARN_UNREACHABLE_CODE = YES;
				CLANG_WARN__DUPLICATE_METHOD_MATCH = YES;
				CODE_SIGN_IDENTITY = "iPhone Developer";
				COPY_PHASE_STRIP = NO;
				DEBUG_INFORMATION_FORMAT = dwarf;
				ENABLE_STRICT_OBJC_MSGSEND = YES;
				ENABLE_TESTABILITY = YES;
				GCC_C_LANGUAGE_STANDARD = gnu11;
				GCC_DYNAMIC_NO_PIC = NO;
				GCC_NO_COMMON_BLOCKS = YES;
				GCC_OPTIMIZATION_LEVEL = 0;
				GCC_PREPROCESSOR_DEFINITIONS = (
					"DEBUG=1",
					"$(inherited)",
				);
				GCC_WARN_64_TO_32_BIT_CONVERSION = YES;
				GCC_WARN_ABOUT_RETURN_TYPE = YES_ERROR;
				GCC_WARN_UNDECLARED_SELECTOR = YES;
				GCC_WARN_UNINITIALIZED_AUTOS = YES_AGGRESSIVE;
				GCC_WARN_UNUSED_FUNCTION = YES;
				GCC_WARN_UNUSED_VARIABLE = YES;
				IPHONEOS_DEPLOYMENT_TARGET = 12.1;
				MTL_ENABLE_DEBUG_INFO = INCLUDE_SOURCE;
				MTL_FAST_MATH = YES;
				ONLY_ACTIVE_ARCH = YES;
				SDKROOT = iphoneos;
				SWIFT_ACTIVE_COMPILATION_CONDITIONS = DEBUG;
				SWIFT_OPTIMIZATION_LEVEL = "-Onone";
			};
			name = Debug;
		};
		234629CF21BCE16B00DB5836 /* Release */ = {
			isa = XCBuildConfiguration;
			buildSettings = {
				ALWAYS_SEARCH_USER_PATHS = NO;
				CLANG_ANALYZER_NONNULL = YES;
				CLANG_ANALYZER_NUMBER_OBJECT_CONVERSION = YES_AGGRESSIVE;
				CLANG_CXX_LANGUAGE_STANDARD = "gnu++14";
				CLANG_CXX_LIBRARY = "libc++";
				CLANG_ENABLE_MODULES = YES;
				CLANG_ENABLE_OBJC_ARC = YES;
				CLANG_ENABLE_OBJC_WEAK = YES;
				CLANG_WARN_BLOCK_CAPTURE_AUTORELEASING = YES;
				CLANG_WARN_BOOL_CONVERSION = YES;
				CLANG_WARN_COMMA = YES;
				CLANG_WARN_CONSTANT_CONVERSION = YES;
				CLANG_WARN_DEPRECATED_OBJC_IMPLEMENTATIONS = YES;
				CLANG_WARN_DIRECT_OBJC_ISA_USAGE = YES_ERROR;
				CLANG_WARN_DOCUMENTATION_COMMENTS = YES;
				CLANG_WARN_EMPTY_BODY = YES;
				CLANG_WARN_ENUM_CONVERSION = YES;
				CLANG_WARN_INFINITE_RECURSION = YES;
				CLANG_WARN_INT_CONVERSION = YES;
				CLANG_WARN_NON_LITERAL_NULL_CONVERSION = YES;
				CLANG_WARN_OBJC_IMPLICIT_RETAIN_SELF = YES;
				CLANG_WARN_OBJC_LITERAL_CONVERSION = YES;
				CLANG_WARN_OBJC_ROOT_CLASS = YES_ERROR;
				CLANG_WARN_RANGE_LOOP_ANALYSIS = YES;
				CLANG_WARN_STRICT_PROTOTYPES = YES;
				CLANG_WARN_SUSPICIOUS_MOVE = YES;
				CLANG_WARN_UNGUARDED_AVAILABILITY = YES_AGGRESSIVE;
				CLANG_WARN_UNREACHABLE_CODE = YES;
				CLANG_WARN__DUPLICATE_METHOD_MATCH = YES;
				CODE_SIGN_IDENTITY = "iPhone Developer";
				COPY_PHASE_STRIP = NO;
				DEBUG_INFORMATION_FORMAT = "dwarf-with-dsym";
				ENABLE_NS_ASSERTIONS = NO;
				ENABLE_STRICT_OBJC_MSGSEND = YES;
				GCC_C_LANGUAGE_STANDARD = gnu11;
				GCC_NO_COMMON_BLOCKS = YES;
				GCC_WARN_64_TO_32_BIT_CONVERSION = YES;
				GCC_WARN_ABOUT_RETURN_TYPE = YES_ERROR;
				GCC_WARN_UNDECLARED_SELECTOR = YES;
				GCC_WARN_UNINITIALIZED_AUTOS = YES_AGGRESSIVE;
				GCC_WARN_UNUSED_FUNCTION = YES;
				GCC_WARN_UNUSED_VARIABLE = YES;
				IPHONEOS_DEPLOYMENT_TARGET = 12.1;
				MTL_ENABLE_DEBUG_INFO = NO;
				MTL_FAST_MATH = YES;
				SDKROOT = iphoneos;
				SWIFT_COMPILATION_MODE = wholemodule;
				SWIFT_OPTIMIZATION_LEVEL = "-O";
				VALIDATE_PRODUCT = YES;
			};
			name = Release;
		};
		234629D121BCE16B00DB5836 /* Debug */ = {
			isa = XCBuildConfiguration;
			buildSettings = {
				ASSETCATALOG_COMPILER_APPICON_NAME = AppIcon;
				CODE_SIGN_STYLE = Automatic;
				DEVELOPMENT_TEAM = SQMZAR6VQH;
				INFOPLIST_FILE = ShortCut/Info.plist;
				LD_RUNPATH_SEARCH_PATHS = (
					"$(inherited)",
					"@executable_path/Frameworks",
				);
				PRODUCT_BUNDLE_IDENTIFIER = nttresonant.ShortCut;
				PRODUCT_NAME = "$(TARGET_NAME)";
				SWIFT_VERSION = 4.2;
				TARGETED_DEVICE_FAMILY = "1,2";
			};
			name = Debug;
		};
		234629D221BCE16B00DB5836 /* Release */ = {
			isa = XCBuildConfiguration;
			buildSettings = {
				ASSETCATALOG_COMPILER_APPICON_NAME = AppIcon;
				CODE_SIGN_STYLE = Automatic;
				DEVELOPMENT_TEAM = SQMZAR6VQH;
				INFOPLIST_FILE = ShortCut/Info.plist;
				LD_RUNPATH_SEARCH_PATHS = (
					"$(inherited)",
					"@executable_path/Frameworks",
				);
				PRODUCT_BUNDLE_IDENTIFIER = nttresonant.ShortCut;
				PRODUCT_NAME = "$(TARGET_NAME)";
				SWIFT_VERSION = 4.2;
				TARGETED_DEVICE_FAMILY = "1,2";
			};
			name = Release;
		};
/* End XCBuildConfiguration section */

/* Begin XCConfigurationList section */
		234629B921BCE16800DB5836 /* Build configuration list for PBXProject "ShortCut" */ = {
			isa = XCConfigurationList;
			buildConfigurations = (
				234629CE21BCE16B00DB5836 /* Debug */,
				234629CF21BCE16B00DB5836 /* Release */,
			);
			defaultConfigurationIsVisible = 0;
			defaultConfigurationName = Release;
		};
		234629D021BCE16B00DB5836 /* Build configuration list for PBXNativeTarget "ShortCut" */ = {
			isa = XCConfigurationList;
			buildConfigurations = (
				234629D121BCE16B00DB5836 /* Debug */,
				234629D221BCE16B00DB5836 /* Release */,
			);
			defaultConfigurationIsVisible = 0;
			defaultConfigurationName = Release;
		};
/* End XCConfigurationList section */
	};
	rootObject = 234629B621BCE16800DB5836 /* Project object */;
}
